
Microsoft Visual Studio Solution File, Format Version 12.00
# Visual Studio 2013
VisualStudioVersion = 12.0.40629.0
MinimumVisualStudioVersion = 10.0.40219.1
Project("{FAE04EC0-301F-11D3-BF4B-00C04F79EFBC}") = "ProjetoCalculadora", "ProjetoCalculadora\ProjetoCalculadora.csproj", "{21E44C76-6945-46CD-BAE0-0236F5B5315B}"
EndProject
Project("{FAE04EC0-301F-11D3-BF4B-00C04F79EFBC}") = "TesteCalc", "TesteCalc\TesteCalc.csproj", "{66E80A29-524A-418D-9EA4-6CCB2EC76218}"
EndProject
Global
	GlobalSection(SolutionConfigurationPlatforms) = preSolution
		Debug|Any CPU = Debug|Any CPU
		Release|Any CPU = Release|Any CPU
	EndGlobalSection
	GlobalSection(ProjectConfigurationPlatforms) = postSolution
		{21E44C76-6945-46CD-BAE0-0236F5B5315B}.Debug|Any CPU.ActiveCfg = Debug|Any CPU
		{21E44C76-6945-46CD-BAE0-0236F5B5315B}.Debug|Any CPU.Build.0 = Debug|Any CPU
		{21E44C76-6945-46CD-BAE0-0236F5B5315B}.Release|Any CPU.ActiveCfg = Release|Any CPU
		{21E44C76-6945-46CD-BAE0-0236F5B5315B}.Release|Any CPU.Build.0 = Release|Any CPU
		{66E80A29-524A-418D-9EA4-6CCB2EC76218}.Debug|Any CPU.ActiveCfg = Debug|Any CPU
		{66E80A29-524A-418D-9EA4-6CCB2EC76218}.Debug|Any CPU.Build.0 = Debug|Any CPU
		{66E80A29-524A-418D-9EA4-6CCB2EC76218}.Release|Any CPU.ActiveCfg = Release|Any CPU
		{66E80A29-524A-418D-9EA4-6CCB2EC76218}.Release|Any CPU.Build.0 = Release|Any CPU
	EndGlobalSection
	GlobalSection(SolutionProperties) = preSolution
		HideSolutionNode = FALSE
	EndGlobalSection
EndGlobal
